
Microsoft Visual Studio Solution File, Format Version 12.00
Project("{FAE04EC0-301F-11D3-BF4B-00C04F79EFBC}") = "Lina", "Lina\Lina.csproj", "{353D780F-2FB1-48AC-85CA-BFB8E802E534}"
EndProject
Project("{FAE04EC0-301F-11D3-BF4B-00C04F79EFBC}") = "Lina.Test", "Lina.Test\Lina.Test.csproj", "{4BC85F77-21B6-4DF4-8CD5-B89D4423A30E}"
EndProject
Project("{FAE04EC0-301F-11D3-BF4B-00C04F79EFBC}") = "TakasakiStudio.Lina.AspNet", "TakasakiStudio.Lina.AspNet\TakasakiStudio.Lina.AspNet.csproj", "{E4BDD6E5-AD30-40D3-BE35-6026E3E539EE}"
EndProject
Global
	GlobalSection(SolutionConfigurationPlatforms) = preSolution
		Debug|Any CPU = Debug|Any CPU
		Release|Any CPU = Release|Any CPU
	EndGlobalSection
	GlobalSection(ProjectConfigurationPlatforms) = postSolution
		{353D780F-2FB1-48AC-85CA-BFB8E802E534}.Debug|Any CPU.ActiveCfg = Debug|Any CPU
		{353D780F-2FB1-48AC-85CA-BFB8E802E534}.Debug|Any CPU.Build.0 = Debug|Any CPU
		{353D780F-2FB1-48AC-85CA-BFB8E802E534}.Release|Any CPU.ActiveCfg = Release|Any CPU
		{353D780F-2FB1-48AC-85CA-BFB8E802E534}.Release|Any CPU.Build.0 = Release|Any CPU
		{4BC85F77-21B6-4DF4-8CD5-B89D4423A30E}.Debug|Any CPU.ActiveCfg = Debug|Any CPU
		{4BC85F77-21B6-4DF4-8CD5-B89D4423A30E}.Debug|Any CPU.Build.0 = Debug|Any CPU
		{4BC85F77-21B6-4DF4-8CD5-B89D4423A30E}.Release|Any CPU.ActiveCfg = Release|Any CPU
		{4BC85F77-21B6-4DF4-8CD5-B89D4423A30E}.Release|Any CPU.Build.0 = Release|Any CPU
		{E4BDD6E5-AD30-40D3-BE35-6026E3E539EE}.Debug|Any CPU.ActiveCfg = Debug|Any CPU
		{E4BDD6E5-AD30-40D3-BE35-6026E3E539EE}.Debug|Any CPU.Build.0 = Debug|Any CPU
		{E4BDD6E5-AD30-40D3-BE35-6026E3E539EE}.Release|Any CPU.ActiveCfg = Release|Any CPU
		{E4BDD6E5-AD30-40D3-BE35-6026E3E539EE}.Release|Any CPU.Build.0 = Release|Any CPU
	EndGlobalSection
EndGlobal
